
Microsoft Visual Studio Solution File, Format Version 12.00
# Visual Studio 15
VisualStudioVersion = 15.0.26823.1
MinimumVisualStudioVersion = 10.0.40219.1
Project("{9A19103F-16F7-4668-BE54-9A1E7A4F7556}") = "WebApplication2", "WebApplication2\WebApplication2.csproj", "{21BB1CB3-CB71-411E-A14B-56154B8C8C77}"
EndProject
Global
	GlobalSection(SolutionConfigurationPlatforms) = preSolution
		Debug|Any CPU = Debug|Any CPU
		Release|Any CPU = Release|Any CPU
	EndGlobalSection
	GlobalSection(ProjectConfigurationPlatforms) = postSolution
		{21BB1CB3-CB71-411E-A14B-56154B8C8C77}.Debug|Any CPU.ActiveCfg = Debug|Any CPU
		{21BB1CB3-CB71-411E-A14B-56154B8C8C77}.Debug|Any CPU.Build.0 = Debug|Any CPU
		{21BB1CB3-CB71-411E-A14B-56154B8C8C77}.Release|Any CPU.ActiveCfg = Release|Any CPU
		{21BB1CB3-CB71-411E-A14B-56154B8C8C77}.Release|Any CPU.Build.0 = Release|Any CPU
	EndGlobalSection
	GlobalSection(SolutionProperties) = preSolution
		HideSolutionNode = FALSE
	EndGlobalSection
	GlobalSection(ExtensibilityGlobals) = postSolution
		SolutionGuid = {A664A66C-41A9-48FF-8CC2-E75C254048D2}
	EndGlobalSection
EndGlobal
